
Microsoft Visual Studio Solution File, Format Version 12.00
# Visual Studio 15
VisualStudioVersion = 15.0.27703.2000
MinimumVisualStudioVersion = 10.0.40219.1
Project("{9A19103F-16F7-4668-BE54-9A1E7A4F7556}") = "acr-globalwebhook", "acr-globalwebhook\acr-globalwebhook.csproj", "{BEBA00D5-326C-4B80-8893-683875F4C70B}"
EndProject
Global
	GlobalSection(SolutionConfigurationPlatforms) = preSolution
		Debug|Any CPU = Debug|Any CPU
		Release|Any CPU = Release|Any CPU
	EndGlobalSection
	GlobalSection(ProjectConfigurationPlatforms) = postSolution
		{BEBA00D5-326C-4B80-8893-683875F4C70B}.Debug|Any CPU.ActiveCfg = Debug|Any CPU
		{BEBA00D5-326C-4B80-8893-683875F4C70B}.Debug|Any CPU.Build.0 = Debug|Any CPU
		{BEBA00D5-326C-4B80-8893-683875F4C70B}.Release|Any CPU.ActiveCfg = Release|Any CPU
		{BEBA00D5-326C-4B80-8893-683875F4C70B}.Release|Any CPU.Build.0 = Release|Any CPU
	EndGlobalSection
	GlobalSection(SolutionProperties) = preSolution
		HideSolutionNode = FALSE
	EndGlobalSection
	GlobalSection(ExtensibilityGlobals) = postSolution
		SolutionGuid = {CFB0469D-900C-4939-A8B1-7747B85E794C}
	EndGlobalSection
EndGlobal
